// !$*UTF8*$!
{
	archiveVersion = 1;
	classes = {
	};
	objectVersion = 55;
	objects = {

/* Begin PBXBuildFile section */
		7A03715627DE90BD00227F7B /* Progression.swift in Sources */ = {isa = PBXBuildFile; fileRef = 7A03715527DE90BD00227F7B /* Progression.swift */; };
		7A03715827DE941600227F7B /* Scores.swift in Sources */ = {isa = PBXBuildFile; fileRef = 7A03715727DE941600227F7B /* Scores.swift */; };
		7A2851AD27D98BD000A26531 /* intro_ASLApp.swift in Sources */ = {isa = PBXBuildFile; fileRef = 7A2851AC27D98BD000A26531 /* intro_ASLApp.swift */; };
		7A2851B127D98BD300A26531 /* Assets.xcassets in Resources */ = {isa = PBXBuildFile; fileRef = 7A2851B027D98BD300A26531 /* Assets.xcassets */; };
		7A2851B427D98BD300A26531 /* Preview Assets.xcassets in Resources */ = {isa = PBXBuildFile; fileRef = 7A2851B327D98BD300A26531 /* Preview Assets.xcassets */; };
		7A2851C827D98BD400A26531 /* intro_ASLUITests.swift in Sources */ = {isa = PBXBuildFile; fileRef = 7A2851C727D98BD400A26531 /* intro_ASLUITests.swift */; };
		7A2851CA27D98BD400A26531 /* intro_ASLUITestsLaunchTests.swift in Sources */ = {isa = PBXBuildFile; fileRef = 7A2851C927D98BD400A26531 /* intro_ASLUITestsLaunchTests.swift */; };
		7A2851D927D9933D00A26531 /* .gitignore in Resources */ = {isa = PBXBuildFile; fileRef = 7A2851D827D9933D00A26531 /* .gitignore */; };
		7A7788622812525F006265E7 /* achievements_Test.swift in Sources */ = {isa = PBXBuildFile; fileRef = 7A7788612812525F006265E7 /* achievements_Test.swift */; };
		7A77886428125515006265E7 /* intro_ASLTests.swift in Sources */ = {isa = PBXBuildFile; fileRef = 7A2851BD27D98BD300A26531 /* intro_ASLTests.swift */; };
		7AA0EBBF280F924F00DE80A3 /* Progression_ContentView.swift in Sources */ = {isa = PBXBuildFile; fileRef = 7AA0EBBE280F924F00DE80A3 /* Progression_ContentView.swift */; };
		7ABEB82827FE782F003318E4 /* Settings.swift in Sources */ = {isa = PBXBuildFile; fileRef = 7ABEB82727FE782F003318E4 /* Settings.swift */; };
		7ABEB82A27FE78C0003318E4 /* Modifier.swift in Sources */ = {isa = PBXBuildFile; fileRef = 7ABEB82927FE78C0003318E4 /* Modifier.swift */; };
/* End PBXBuildFile section */

/* Begin PBXContainerItemProxy section */
		7A2851BA27D98BD300A26531 /* PBXContainerItemProxy */ = {
			isa = PBXContainerItemProxy;
			containerPortal = 7A2851A127D98BCF00A26531 /* Project object */;
			proxyType = 1;
			remoteGlobalIDString = 7A2851A827D98BD000A26531;
			remoteInfo = "intro-ASL";
		};
		7A2851C427D98BD400A26531 /* PBXContainerItemProxy */ = {
			isa = PBXContainerItemProxy;
			containerPortal = 7A2851A127D98BCF00A26531 /* Project object */;
			proxyType = 1;
			remoteGlobalIDString = 7A2851A827D98BD000A26531;
			remoteInfo = "intro-ASL";
		};
/* End PBXContainerItemProxy section */

/* Begin PBXFileReference section */
		7A03715527DE90BD00227F7B /* Progression.swift */ = {isa = PBXFileReference; lastKnownFileType = sourcecode.swift; path = Progression.swift; sourceTree = "<group>"; };
		7A03715727DE941600227F7B /* Scores.swift */ = {isa = PBXFileReference; lastKnownFileType = sourcecode.swift; path = Scores.swift; sourceTree = "<group>"; };
		7A2851A927D98BD000A26531 /* intro-ASL.app */ = {isa = PBXFileReference; explicitFileType = wrapper.application; includeInIndex = 0; path = "intro-ASL.app"; sourceTree = BUILT_PRODUCTS_DIR; };
		7A2851AC27D98BD000A26531 /* intro_ASLApp.swift */ = {isa = PBXFileReference; lastKnownFileType = sourcecode.swift; path = intro_ASLApp.swift; sourceTree = "<group>"; };
		7A2851B027D98BD300A26531 /* Assets.xcassets */ = {isa = PBXFileReference; lastKnownFileType = folder.assetcatalog; path = Assets.xcassets; sourceTree = "<group>"; };
		7A2851B327D98BD300A26531 /* Preview Assets.xcassets */ = {isa = PBXFileReference; lastKnownFileType = folder.assetcatalog; path = "Preview Assets.xcassets"; sourceTree = "<group>"; };
		7A2851B927D98BD300A26531 /* intro-ASLTests.xctest */ = {isa = PBXFileReference; explicitFileType = wrapper.cfbundle; includeInIndex = 0; path = "intro-ASLTests.xctest"; sourceTree = BUILT_PRODUCTS_DIR; };
		7A2851BD27D98BD300A26531 /* intro_ASLTests.swift */ = {isa = PBXFileReference; lastKnownFileType = sourcecode.swift; path = intro_ASLTests.swift; sourceTree = "<group>"; };
		7A2851C327D98BD400A26531 /* intro-ASLUITests.xctest */ = {isa = PBXFileReference; explicitFileType = wrapper.cfbundle; includeInIndex = 0; path = "intro-ASLUITests.xctest"; sourceTree = BUILT_PRODUCTS_DIR; };
		7A2851C727D98BD400A26531 /* intro_ASLUITests.swift */ = {isa = PBXFileReference; lastKnownFileType = sourcecode.swift; path = intro_ASLUITests.swift; sourceTree = "<group>"; };
		7A2851C927D98BD400A26531 /* intro_ASLUITestsLaunchTests.swift */ = {isa = PBXFileReference; lastKnownFileType = sourcecode.swift; path = intro_ASLUITestsLaunchTests.swift; sourceTree = "<group>"; };
		7A2851D827D9933D00A26531 /* .gitignore */ = {isa = PBXFileReference; lastKnownFileType = text; path = .gitignore; sourceTree = "<group>"; };
		7A7788612812525F006265E7 /* achievements_Test.swift */ = {isa = PBXFileReference; fileEncoding = 4; lastKnownFileType = sourcecode.swift; path = achievements_Test.swift; sourceTree = "<group>"; };
		7AA0EBBE280F924F00DE80A3 /* Progression_ContentView.swift */ = {isa = PBXFileReference; fileEncoding = 4; lastKnownFileType = sourcecode.swift; path = Progression_ContentView.swift; sourceTree = "<group>"; };
		7ABEB82727FE782F003318E4 /* Settings.swift */ = {isa = PBXFileReference; lastKnownFileType = sourcecode.swift; path = Settings.swift; sourceTree = "<group>"; };
		7ABEB82927FE78C0003318E4 /* Modifier.swift */ = {isa = PBXFileReference; lastKnownFileType = sourcecode.swift; path = Modifier.swift; sourceTree = "<group>"; };
/* End PBXFileReference section */

/* Begin PBXFrameworksBuildPhase section */
		7A2851A627D98BD000A26531 /* Frameworks */ = {
			isa = PBXFrameworksBuildPhase;
			buildActionMask = 2147483647;
			files = (
			);
			runOnlyForDeploymentPostprocessing = 0;
		};
		7A2851B627D98BD300A26531 /* Frameworks */ = {
			isa = PBXFrameworksBuildPhase;
			buildActionMask = 2147483647;
			files = (
			);
			runOnlyForDeploymentPostprocessing = 0;
		};
		7A2851C027D98BD400A26531 /* Frameworks */ = {
			isa = PBXFrameworksBuildPhase;
			buildActionMask = 2147483647;
			files = (
			);
			runOnlyForDeploymentPostprocessing = 0;
		};
/* End PBXFrameworksBuildPhase section */

/* Begin PBXGroup section */
		7A2851A027D98BCF00A26531 = {
			isa = PBXGroup;
			children = (
				7A2851D827D9933D00A26531 /* .gitignore */,
				7A2851AB27D98BD000A26531 /* intro-ASL */,
				7A2851BC27D98BD300A26531 /* intro-ASLTests */,
				7A2851C627D98BD400A26531 /* intro-ASLUITests */,
				7A2851AA27D98BD000A26531 /* Products */,
			);
			sourceTree = "<group>";
		};
		7A2851AA27D98BD000A26531 /* Products */ = {
			isa = PBXGroup;
			children = (
				7A2851A927D98BD000A26531 /* intro-ASL.app */,
				7A2851B927D98BD300A26531 /* intro-ASLTests.xctest */,
				7A2851C327D98BD400A26531 /* intro-ASLUITests.xctest */,
			);
			name = Products;
			sourceTree = "<group>";
		};
		7A2851AB27D98BD000A26531 /* intro-ASL */ = {
			isa = PBXGroup;
			children = (
				7A2851AC27D98BD000A26531 /* intro_ASLApp.swift */,
				7AA0EBBE280F924F00DE80A3 /* Progression_ContentView.swift */,
				7A03715527DE90BD00227F7B /* Progression.swift */,
				7A03715727DE941600227F7B /* Scores.swift */,
				7ABEB82927FE78C0003318E4 /* Modifier.swift */,
				7ABEB82727FE782F003318E4 /* Settings.swift */,
				7A2851B027D98BD300A26531 /* Assets.xcassets */,
				7A2851B227D98BD300A26531 /* Preview Content */,
			);
			path = "intro-ASL";
			sourceTree = "<group>";
		};
		7A2851B227D98BD300A26531 /* Preview Content */ = {
			isa = PBXGroup;
			children = (
				7A2851B327D98BD300A26531 /* Preview Assets.xcassets */,
			);
			path = "Preview Content";
			sourceTree = "<group>";
		};
		7A2851BC27D98BD300A26531 /* intro-ASLTests */ = {
			isa = PBXGroup;
			children = (
				7A2851BD27D98BD300A26531 /* intro_ASLTests.swift */,
				7A7788612812525F006265E7 /* achievements_Test.swift */,
			);
			path = "intro-ASLTests";
			sourceTree = "<group>";
		};
		7A2851C627D98BD400A26531 /* intro-ASLUITests */ = {
			isa = PBXGroup;
			children = (
				7A2851C727D98BD400A26531 /* intro_ASLUITests.swift */,
				7A2851C927D98BD400A26531 /* intro_ASLUITestsLaunchTests.swift */,
			);
			path = "intro-ASLUITests";
			sourceTree = "<group>";
		};
/* End PBXGroup section */

/* Begin PBXNativeTarget section */
		7A2851A827D98BD000A26531 /* intro-ASL */ = {
			isa = PBXNativeTarget;
			buildConfigurationList = 7A2851CD27D98BD400A26531 /* Build configuration list for PBXNativeTarget "intro-ASL" */;
			buildPhases = (
				7A2851A527D98BD000A26531 /* Sources */,
				7A2851A627D98BD000A26531 /* Frameworks */,
				7A2851A727D98BD000A26531 /* Resources */,
			);
			buildRules = (
			);
			dependencies = (
			);
			name = "intro-ASL";
			productName = "intro-ASL";
			productReference = 7A2851A927D98BD000A26531 /* intro-ASL.app */;
			productType = "com.apple.product-type.application";
		};
		7A2851B827D98BD300A26531 /* intro-ASLTests */ = {
			isa = PBXNativeTarget;
			buildConfigurationList = 7A2851D027D98BD400A26531 /* Build configuration list for PBXNativeTarget "intro-ASLTests" */;
			buildPhases = (
				7A2851B527D98BD300A26531 /* Sources */,
				7A2851B627D98BD300A26531 /* Frameworks */,
				7A2851B727D98BD300A26531 /* Resources */,
			);
			buildRules = (
			);
			dependencies = (
				7A2851BB27D98BD300A26531 /* PBXTargetDependency */,
			);
			name = "intro-ASLTests";
			productName = "intro-ASLTests";
			productReference = 7A2851B927D98BD300A26531 /* intro-ASLTests.xctest */;
			productType = "com.apple.product-type.bundle.unit-test";
		};
		7A2851C227D98BD400A26531 /* intro-ASLUITests */ = {
			isa = PBXNativeTarget;
			buildConfigurationList = 7A2851D327D98BD400A26531 /* Build configuration list for PBXNativeTarget "intro-ASLUITests" */;
			buildPhases = (
				7A2851BF27D98BD400A26531 /* Sources */,
				7A2851C027D98BD400A26531 /* Frameworks */,
				7A2851C127D98BD400A26531 /* Resources */,
			);
			buildRules = (
			);
			dependencies = (
				7A2851C527D98BD400A26531 /* PBXTargetDependency */,
			);
			name = "intro-ASLUITests";
			productName = "intro-ASLUITests";
			productReference = 7A2851C327D98BD400A26531 /* intro-ASLUITests.xctest */;
			productType = "com.apple.product-type.bundle.ui-testing";
		};
/* End PBXNativeTarget section */

/* Begin PBXProject section */
		7A2851A127D98BCF00A26531 /* Project object */ = {
			isa = PBXProject;
			attributes = {
				BuildIndependentTargetsInParallel = 1;
				LastSwiftUpdateCheck = 1320;
				LastUpgradeCheck = 1320;
				TargetAttributes = {
					7A2851A827D98BD000A26531 = {
						CreatedOnToolsVersion = 13.2.1;
					};
					7A2851B827D98BD300A26531 = {
						CreatedOnToolsVersion = 13.2.1;
						TestTargetID = 7A2851A827D98BD000A26531;
					};
					7A2851C227D98BD400A26531 = {
						CreatedOnToolsVersion = 13.2.1;
						TestTargetID = 7A2851A827D98BD000A26531;
					};
				};
			};
			buildConfigurationList = 7A2851A427D98BCF00A26531 /* Build configuration list for PBXProject "intro-ASL" */;
			compatibilityVersion = "Xcode 13.0";
			developmentRegion = en;
			hasScannedForEncodings = 0;
			knownRegions = (
				en,
				Base,
			);
			mainGroup = 7A2851A027D98BCF00A26531;
			productRefGroup = 7A2851AA27D98BD000A26531 /* Products */;
			projectDirPath = "";
			projectRoot = "";
			targets = (
				7A2851A827D98BD000A26531 /* intro-ASL */,
				7A2851B827D98BD300A26531 /* intro-ASLTests */,
				7A2851C227D98BD400A26531 /* intro-ASLUITests */,
			);
		};
/* End PBXProject section */

/* Begin PBXResourcesBuildPhase section */
		7A2851A727D98BD000A26531 /* Resources */ = {
			isa = PBXResourcesBuildPhase;
			buildActionMask = 2147483647;
			files = (
				7A2851B427D98BD300A26531 /* Preview Assets.xcassets in Resources */,
				7A2851D927D9933D00A26531 /* .gitignore in Resources */,
				7A2851B127D98BD300A26531 /* Assets.xcassets in Resources */,
			);
			runOnlyForDeploymentPostprocessing = 0;
		};
		7A2851B727D98BD300A26531 /* Resources */ = {
			isa = PBXResourcesBuildPhase;
			buildActionMask = 2147483647;
			files = (
			);
			runOnlyForDeploymentPostprocessing = 0;
		};
		7A2851C127D98BD400A26531 /* Resources */ = {
			isa = PBXResourcesBuildPhase;
			buildActionMask = 2147483647;
			files = (
			);
			runOnlyForDeploymentPostprocessing = 0;
		};
/* End PBXResourcesBuildPhase section */

/* Begin PBXSourcesBuildPhase section */
		7A2851A527D98BD000A26531 /* Sources */ = {
			isa = PBXSourcesBuildPhase;
			buildActionMask = 2147483647;
			files = (
				7A03715627DE90BD00227F7B /* Progression.swift in Sources */,
				7ABEB82A27FE78C0003318E4 /* Modifier.swift in Sources */,
				7A03715827DE941600227F7B /* Scores.swift in Sources */,
				7AA0EBBF280F924F00DE80A3 /* Progression_ContentView.swift in Sources */,
				7A2851AD27D98BD000A26531 /* intro_ASLApp.swift in Sources */,
				7ABEB82827FE782F003318E4 /* Settings.swift in Sources */,
			);
			runOnlyForDeploymentPostprocessing = 0;
		};
		7A2851B527D98BD300A26531 /* Sources */ = {
			isa = PBXSourcesBuildPhase;
			buildActionMask = 2147483647;
			files = (
				7A7788622812525F006265E7 /* achievements_Test.swift in Sources */,
				7A77886428125515006265E7 /* intro_ASLTests.swift in Sources */,
			);
			runOnlyForDeploymentPostprocessing = 0;
		};
		7A2851BF27D98BD400A26531 /* Sources */ = {
			isa = PBXSourcesBuildPhase;
			buildActionMask = 2147483647;
			files = (
				7A2851CA27D98BD400A26531 /* intro_ASLUITestsLaunchTests.swift in Sources */,
				7A2851C827D98BD400A26531 /* intro_ASLUITests.swift in Sources */,
			);
			runOnlyForDeploymentPostprocessing = 0;
		};
/* End PBXSourcesBuildPhase section */

/* Begin PBXTargetDependency section */
		7A2851BB27D98BD300A26531 /* PBXTargetDependency */ = {
			isa = PBXTargetDependency;
			target = 7A2851A827D98BD000A26531 /* intro-ASL */;
			targetProxy = 7A2851BA27D98BD300A26531 /* PBXContainerItemProxy */;
		};
		7A2851C527D98BD400A26531 /* PBXTargetDependency */ = {
			isa = PBXTargetDependency;
			target = 7A2851A827D98BD000A26531 /* intro-ASL */;
			targetProxy = 7A2851C427D98BD400A26531 /* PBXContainerItemProxy */;
		};
/* End PBXTargetDependency section */

/* Begin XCBuildConfiguration section */
		7A2851CB27D98BD400A26531 /* Debug */ = {
			isa = XCBuildConfiguration;
			buildSettings = {
				ALWAYS_SEARCH_USER_PATHS = NO;
				CLANG_ANALYZER_NONNULL = YES;
				CLANG_ANALYZER_NUMBER_OBJECT_CONVERSION = YES_AGGRESSIVE;
				CLANG_CXX_LANGUAGE_STANDARD = "gnu++17";
				CLANG_CXX_LIBRARY = "libc++";
				CLANG_ENABLE_MODULES = YES;
				CLANG_ENABLE_OBJC_ARC = YES;
				CLANG_ENABLE_OBJC_WEAK = YES;
				CLANG_WARN_BLOCK_CAPTURE_AUTORELEASING = YES;
				CLANG_WARN_BOOL_CONVERSION = YES;
				CLANG_WARN_COMMA = YES;
				CLANG_WARN_CONSTANT_CONVERSION = YES;
				CLANG_WARN_DEPRECATED_OBJC_IMPLEMENTATIONS = YES;
				CLANG_WARN_DIRECT_OBJC_ISA_USAGE = YES_ERROR;
				CLANG_WARN_DOCUMENTATION_COMMENTS = YES;
				CLANG_WARN_EMPTY_BODY = YES;
				CLANG_WARN_ENUM_CONVERSION = YES;
				CLANG_WARN_INFINITE_RECURSION = YES;
				CLANG_WARN_INT_CONVERSION = YES;
				CLANG_WARN_NON_LITERAL_NULL_CONVERSION = YES;
				CLANG_WARN_OBJC_IMPLICIT_RETAIN_SELF = YES;
				CLANG_WARN_OBJC_LITERAL_CONVERSION = YES;
				CLANG_WARN_OBJC_ROOT_CLASS = YES_ERROR;
				CLANG_WARN_QUOTED_INCLUDE_IN_FRAMEWORK_HEADER = YES;
				CLANG_WARN_RANGE_LOOP_ANALYSIS = YES;
				CLANG_WARN_STRICT_PROTOTYPES = YES;
				CLANG_WARN_SUSPICIOUS_MOVE = YES;
				CLANG_WARN_UNGUARDED_AVAILABILITY = YES_AGGRESSIVE;
				CLANG_WARN_UNREACHABLE_CODE = YES;
				CLANG_WARN__DUPLICATE_METHOD_MATCH = YES;
				COPY_PHASE_STRIP = NO;
				DEBUG_INFORMATION_FORMAT = dwarf;
				ENABLE_STRICT_OBJC_MSGSEND = YES;
				ENABLE_TESTABILITY = YES;
				GCC_C_LANGUAGE_STANDARD = gnu11;
				GCC_DYNAMIC_NO_PIC = NO;
				GCC_NO_COMMON_BLOCKS = YES;
				GCC_OPTIMIZATION_LEVEL = 0;
				GCC_PREPROCESSOR_DEFINITIONS = (
					"DEBUG=1",
					"$(inherited)",
				);
				GCC_WARN_64_TO_32_BIT_CONVERSION = YES;
				GCC_WARN_ABOUT_RETURN_TYPE = YES_ERROR;
				GCC_WARN_UNDECLARED_SELECTOR = YES;
				GCC_WARN_UNINITIALIZED_AUTOS = YES_AGGRESSIVE;
				GCC_WARN_UNUSED_FUNCTION = YES;
				GCC_WARN_UNUSED_VARIABLE = YES;
				IPHONEOS_DEPLOYMENT_TARGET = 15.2;
				MTL_ENABLE_DEBUG_INFO = INCLUDE_SOURCE;
				MTL_FAST_MATH = YES;
				ONLY_ACTIVE_ARCH = YES;
				SDKROOT = iphoneos;
				SWIFT_ACTIVE_COMPILATION_CONDITIONS = DEBUG;
				SWIFT_OPTIMIZATION_LEVEL = "-Onone";
			};
			name = Debug;
		};
		7A2851CC27D98BD400A26531 /* Release */ = {
			isa = XCBuildConfiguration;
			buildSettings = {
				ALWAYS_SEARCH_USER_PATHS = NO;
				CLANG_ANALYZER_NONNULL = YES;
				CLANG_ANALYZER_NUMBER_OBJECT_CONVERSION = YES_AGGRESSIVE;
				CLANG_CXX_LANGUAGE_STANDARD = "gnu++17";
				CLANG_CXX_LIBRARY = "libc++";
				CLANG_ENABLE_MODULES = YES;
				CLANG_ENABLE_OBJC_ARC = YES;
				CLANG_ENABLE_OBJC_WEAK = YES;
				CLANG_WARN_BLOCK_CAPTURE_AUTORELEASING = YES;
				CLANG_WARN_BOOL_CONVERSION = YES;
				CLANG_WARN_COMMA = YES;
				CLANG_WARN_CONSTANT_CONVERSION = YES;
				CLANG_WARN_DEPRECATED_OBJC_IMPLEMENTATIONS = YES;
				CLANG_WARN_DIRECT_OBJC_ISA_USAGE = YES_ERROR;
				CLANG_WARN_DOCUMENTATION_COMMENTS = YES;
				CLANG_WARN_EMPTY_BODY = YES;
				CLANG_WARN_ENUM_CONVERSION = YES;
				CLANG_WARN_INFINITE_RECURSION = YES;
				CLANG_WARN_INT_CONVERSION = YES;
				CLANG_WARN_NON_LITERAL_NULL_CONVERSION = YES;
				CLANG_WARN_OBJC_IMPLICIT_RETAIN_SELF = YES;
				CLANG_WARN_OBJC_LITERAL_CONVERSION = YES;
				CLANG_WARN_OBJC_ROOT_CLASS = YES_ERROR;
				CLANG_WARN_QUOTED_INCLUDE_IN_FRAMEWORK_HEADER = YES;
				CLANG_WARN_RANGE_LOOP_ANALYSIS = YES;
				CLANG_WARN_STRICT_PROTOTYPES = YES;
				CLANG_WARN_SUSPICIOUS_MOVE = YES;
				CLANG_WARN_UNGUARDED_AVAILABILITY = YES_AGGRESSIVE;
				CLANG_WARN_UNREACHABLE_CODE = YES;
				CLANG_WARN__DUPLICATE_METHOD_MATCH = YES;
				COPY_PHASE_STRIP = NO;
				DEBUG_INFORMATION_FORMAT = "dwarf-with-dsym";
				ENABLE_NS_ASSERTIONS = NO;
				ENABLE_STRICT_OBJC_MSGSEND = YES;
				GCC_C_LANGUAGE_STANDARD = gnu11;
				GCC_NO_COMMON_BLOCKS = YES;
				GCC_WARN_64_TO_32_BIT_CONVERSION = YES;
				GCC_WARN_ABOUT_RETURN_TYPE = YES_ERROR;
				GCC_WARN_UNDECLARED_SELECTOR = YES;
				GCC_WARN_UNINITIALIZED_AUTOS = YES_AGGRESSIVE;
				GCC_WARN_UNUSED_FUNCTION = YES;
				GCC_WARN_UNUSED_VARIABLE = YES;
				IPHONEOS_DEPLOYMENT_TARGET = 15.2;
				MTL_ENABLE_DEBUG_INFO = NO;
				MTL_FAST_MATH = YES;
				SDKROOT = iphoneos;
				SWIFT_COMPILATION_MODE = wholemodule;
				SWIFT_OPTIMIZATION_LEVEL = "-O";
				VALIDATE_PRODUCT = YES;
			};
			name = Release;
		};
		7A2851CE27D98BD400A26531 /* Debug */ = {
			isa = XCBuildConfiguration;
			buildSettings = {
				ASSETCATALOG_COMPILER_APPICON_NAME = AppIcon;
				ASSETCATALOG_COMPILER_GLOBAL_ACCENT_COLOR_NAME = AccentColor;
				CODE_SIGN_STYLE = Automatic;
				CURRENT_PROJECT_VERSION = 1;
				DEVELOPMENT_ASSET_PATHS = "\"intro-ASL/Preview Content\"";
				ENABLE_PREVIEWS = YES;
				GENERATE_INFOPLIST_FILE = YES;
				INFOPLIST_KEY_UIApplicationSceneManifest_Generation = YES;
				INFOPLIST_KEY_UIApplicationSupportsIndirectInputEvents = YES;
				INFOPLIST_KEY_UILaunchScreen_Generation = YES;
				INFOPLIST_KEY_UISupportedInterfaceOrientations_iPad = "UIInterfaceOrientationPortrait UIInterfaceOrientationPortraitUpsideDown UIInterfaceOrientationLandscapeLeft UIInterfaceOrientationLandscapeRight";
				INFOPLIST_KEY_UISupportedInterfaceOrientations_iPhone = "UIInterfaceOrientationPortrait UIInterfaceOrientationLandscapeLeft UIInterfaceOrientationLandscapeRight";
				LD_RUNPATH_SEARCH_PATHS = (
					"$(inherited)",
					"@executable_path/Frameworks",
				);
				MARKETING_VERSION = 1.0;
				PRODUCT_BUNDLE_IDENTIFIER = "edu.fullerton.ecs.intro-asl.intro-ASL";
				PRODUCT_NAME = "$(TARGET_NAME)";
				SWIFT_EMIT_LOC_STRINGS = YES;
				SWIFT_VERSION = 5.0;
				TARGETED_DEVICE_FAMILY = "1,2";
			};
			name = Debug;
		};
		7A2851CF27D98BD400A26531 /* Release */ = {
			isa = XCBuildConfiguration;
			buildSettings = {
				ASSETCATALOG_COMPILER_APPICON_NAME = AppIcon;
				ASSETCATALOG_COMPILER_GLOBAL_ACCENT_COLOR_NAME = AccentColor;
				CODE_SIGN_STYLE = Automatic;
				CURRENT_PROJECT_VERSION = 1;
				DEVELOPMENT_ASSET_PATHS = "\"intro-ASL/Preview Content\"";
				ENABLE_PREVIEWS = YES;
				GENERATE_INFOPLIST_FILE = YES;
				INFOPLIST_KEY_UIApplicationSceneManifest_Generation = YES;
				INFOPLIST_KEY_UIApplicationSupportsIndirectInputEvents = YES;
				INFOPLIST_KEY_UILaunchScreen_Generation = YES;
				INFOPLIST_KEY_UISupportedInterfaceOrientations_iPad = "UIInterfaceOrientationPortrait UIInterfaceOrientationPortraitUpsideDown UIInterfaceOrientationLandscapeLeft UIInterfaceOrientationLandscapeRight";
				INFOPLIST_KEY_UISupportedInterfaceOrientations_iPhone = "UIInterfaceOrientationPortrait UIInterfaceOrientationLandscapeLeft UIInterfaceOrientationLandscapeRight";
				LD_RUNPATH_SEARCH_PATHS = (
					"$(inherited)",
					"@executable_path/Frameworks",
				);
				MARKETING_VERSION = 1.0;
				PRODUCT_BUNDLE_IDENTIFIER = "edu.fullerton.ecs.intro-asl.intro-ASL";
				PRODUCT_NAME = "$(TARGET_NAME)";
				SWIFT_EMIT_LOC_STRINGS = YES;
				SWIFT_VERSION = 5.0;
				TARGETED_DEVICE_FAMILY = "1,2";
			};
			name = Release;
		};
		7A2851D127D98BD400A26531 /* Debug */ = {
			isa = XCBuildConfiguration;
			buildSettings = {
				ALWAYS_EMBED_SWIFT_STANDARD_LIBRARIES = YES;
				BUNDLE_LOADER = "$(TEST_HOST)";
				CODE_SIGN_STYLE = Automatic;
				CURRENT_PROJECT_VERSION = 1;
				GENERATE_INFOPLIST_FILE = YES;
				IPHONEOS_DEPLOYMENT_TARGET = 15.2;
				MARKETING_VERSION = 1.0;
				PRODUCT_BUNDLE_IDENTIFIER = "edu.fullerton.ecs.intro-asl.intro-ASLTests";
				PRODUCT_NAME = "$(TARGET_NAME)";
				SWIFT_EMIT_LOC_STRINGS = NO;
				SWIFT_VERSION = 5.0;
				TARGETED_DEVICE_FAMILY = "1,2";
				TEST_HOST = "$(BUILT_PRODUCTS_DIR)/intro-ASL.app/intro-ASL";
			};
			name = Debug;
		};
		7A2851D227D98BD400A26531 /* Release */ = {
			isa = XCBuildConfiguration;
			buildSettings = {
				ALWAYS_EMBED_SWIFT_STANDARD_LIBRARIES = YES;
				BUNDLE_LOADER = "$(TEST_HOST)";
				CODE_SIGN_STYLE = Automatic;
				CURRENT_PROJECT_VERSION = 1;
				GENERATE_INFOPLIST_FILE = YES;
				IPHONEOS_DEPLOYMENT_TARGET = 15.2;
				MARKETING_VERSION = 1.0;
				PRODUCT_BUNDLE_IDENTIFIER = "edu.fullerton.ecs.intro-asl.intro-ASLTests";
				PRODUCT_NAME = "$(TARGET_NAME)";
				SWIFT_EMIT_LOC_STRINGS = NO;
				SWIFT_VERSION = 5.0;
				TARGETED_DEVICE_FAMILY = "1,2";
				TEST_HOST = "$(BUILT_PRODUCTS_DIR)/intro-ASL.app/intro-ASL";
			};
			name = Release;
		};
		7A2851D427D98BD400A26531 /* Debug */ = {
			isa = XCBuildConfiguration;
			buildSettings = {
				ALWAYS_EMBED_SWIFT_STANDARD_LIBRARIES = YES;
				CODE_SIGN_STYLE = Automatic;
				CURRENT_PROJECT_VERSION = 1;
				GENERATE_INFOPLIST_FILE = YES;
				MARKETING_VERSION = 1.0;
				PRODUCT_BUNDLE_IDENTIFIER = "edu.fullerton.ecs.intro-asl.intro-ASLUITests";
				PRODUCT_NAME = "$(TARGET_NAME)";
				SWIFT_EMIT_LOC_STRINGS = NO;
				SWIFT_VERSION = 5.0;
				TARGETED_DEVICE_FAMILY = "1,2";
				TEST_TARGET_NAME = "intro-ASL";
			};
			name = Debug;
		};
		7A2851D527D98BD400A26531 /* Release */ = {
			isa = XCBuildConfiguration;
			buildSettings = {
				ALWAYS_EMBED_SWIFT_STANDARD_LIBRARIES = YES;
				CODE_SIGN_STYLE = Automatic;
				CURRENT_PROJECT_VERSION = 1;
				GENERATE_INFOPLIST_FILE = YES;
				MARKETING_VERSION = 1.0;
				PRODUCT_BUNDLE_IDENTIFIER = "edu.fullerton.ecs.intro-asl.intro-ASLUITests";
				PRODUCT_NAME = "$(TARGET_NAME)";
				SWIFT_EMIT_LOC_STRINGS = NO;
				SWIFT_VERSION = 5.0;
				TARGETED_DEVICE_FAMILY = "1,2";
				TEST_TARGET_NAME = "intro-ASL";
			};
			name = Release;
		};
/* End XCBuildConfiguration section */

/* Begin XCConfigurationList section */
		7A2851A427D98BCF00A26531 /* Build configuration list for PBXProject "intro-ASL" */ = {
			isa = XCConfigurationList;
			buildConfigurations = (
				7A2851CB27D98BD400A26531 /* Debug */,
				7A2851CC27D98BD400A26531 /* Release */,
			);
			defaultConfigurationIsVisible = 0;
			defaultConfigurationName = Release;
		};
		7A2851CD27D98BD400A26531 /* Build configuration list for PBXNativeTarget "intro-ASL" */ = {
			isa = XCConfigurationList;
			buildConfigurations = (
				7A2851CE27D98BD400A26531 /* Debug */,
				7A2851CF27D98BD400A26531 /* Release */,
			);
			defaultConfigurationIsVisible = 0;
			defaultConfigurationName = Release;
		};
		7A2851D027D98BD400A26531 /* Build configuration list for PBXNativeTarget "intro-ASLTests" */ = {
			isa = XCConfigurationList;
			buildConfigurations = (
				7A2851D127D98BD400A26531 /* Debug */,
				7A2851D227D98BD400A26531 /* Release */,
			);
			defaultConfigurationIsVisible = 0;
			defaultConfigurationName = Release;
		};
		7A2851D327D98BD400A26531 /* Build configuration list for PBXNativeTarget "intro-ASLUITests" */ = {
			isa = XCConfigurationList;
			buildConfigurations = (
				7A2851D427D98BD400A26531 /* Debug */,
				7A2851D527D98BD400A26531 /* Release */,
			);
			defaultConfigurationIsVisible = 0;
			defaultConfigurationName = Release;
		};
/* End XCConfigurationList section */
	};
	rootObject = 7A2851A127D98BCF00A26531 /* Project object */;
}
